
Microsoft Visual Studio Solution File, Format Version 12.00
# Visual Studio Version 17
VisualStudioVersion = 17.9.34728.123
MinimumVisualStudioVersion = 10.0.40219.1
Project("{FAE04EC0-301F-11D3-BF4B-00C04F79EFBC}") = "LibraryConcept", "LibraryConcept\LibraryConcept.csproj", "{1D086C64-FFC4-49AD-9009-F9E3EAFFB6ED}"
EndProject
Global
	GlobalSection(SolutionConfigurationPlatforms) = preSolution
		Debug|Any CPU = Debug|Any CPU
		Release|Any CPU = Release|Any CPU
	EndGlobalSection
	GlobalSection(ProjectConfigurationPlatforms) = postSolution
		{1D086C64-FFC4-49AD-9009-F9E3EAFFB6ED}.Debug|Any CPU.ActiveCfg = Debug|Any CPU
		{1D086C64-FFC4-49AD-9009-F9E3EAFFB6ED}.Debug|Any CPU.Build.0 = Debug|Any CPU
		{1D086C64-FFC4-49AD-9009-F9E3EAFFB6ED}.Release|Any CPU.ActiveCfg = Release|Any CPU
		{1D086C64-FFC4-49AD-9009-F9E3EAFFB6ED}.Release|Any CPU.Build.0 = Release|Any CPU
	EndGlobalSection
	GlobalSection(SolutionProperties) = preSolution
		HideSolutionNode = FALSE
	EndGlobalSection
	GlobalSection(ExtensibilityGlobals) = postSolution
		SolutionGuid = {400E5360-5CCE-4232-B162-59F1FB77A16C}
	EndGlobalSection
EndGlobal
